{
  "version": "5",
  "specifiers": {
    "npm:@js-temporal/polyfill@~0.5.1": "0.5.1",
    "npm:valibot@^1.1.0": "1.1.0"
  },
  "npm": {
    "@js-temporal/polyfill@0.5.1": {
      "integrity": "sha512-hloP58zRVCRSpgDxmqCWJNlizAlUgJFqG2ypq79DCvyv9tHjRYMDOcPFjzfl/A1/YxDvRCZz8wvZvmapQnKwFQ==",
      "dependencies": [
        "jsbi"
      ]
    },
    "jsbi@4.3.2": {
      "integrity": "sha512-9fqMSQbhJykSeii05nxKl4m6Eqn2P6rOlYiS+C5Dr/HPIU/7yZxu5qzbs40tgaFORiw2Amd0mirjxatXYMkIew=="
    },
    "valibot@1.1.0": {
      "integrity": "sha512-Nk8lX30Qhu+9txPYTwM0cFlWLdPFsFr6LblzqIySfbZph9+BFsAHsNvHOymEviUepeIW6KFHzpX8TKhbptBXXw=="
    }
  },
  "workspace": {
    "dependencies": [
      "npm:@js-temporal/polyfill@~0.5.1",
      "npm:valibot@^1.1.0"
    ]
  }
}
